<?xml version="1.0" encoding="utf-8"?>
<Project ToolsVersion="4.0" xmlns="http://schemas.microsoft.com/developer/msbuild/2003">
  <ItemGroup>
    <ClCompile Include="main.cpp" />
    <ClCompile Include="FundLibs\vogl\glad 46\src\glad.c">
      <Filter>vogl</Filter>
    </ClCompile>
    <ClCompile Include="FundLibs\vogl\ogl_svo.cpp">
      <Filter>vogl</Filter>
    </ClCompile>
    <ClCompile Include="FundLibs\vogl\ogl_var.cpp">
      <Filter>vogl</Filter>
    </ClCompile>
    <ClCompile Include="FundLibs\vogl\Shader.cpp">
      <Filter>vogl</Filter>
    </ClCompile>
    <ClCompile Include="FundLibs\vogl\vogl.cpp">
      <Filter>vogl</Filter>
    </ClCompile>
    <ClCompile Include="FundLibs\noise\Simplex.cpp">
      <Filter>noises</Filter>
    </ClCompile>
    <ClCompile Include="FundLibs\sh_win\keys.cpp">
      <Filter>floor</Filter>
    </ClCompile>
    <ClCompile Include="FundLibs\sh_win\win.cpp">
      <Filter>floor</Filter>
    </ClCompile>
  </ItemGroup>
  <ItemGroup>
    <ClInclude Include="FundLibs\vogl\glad 46\include\glad\glad.h">
      <Filter>vogl</Filter>
    </ClInclude>
    <ClInclude Include="FundLibs\vogl\glad 46\include\KHR\khrplatform.h">
      <Filter>vogl</Filter>
    </ClInclude>
    <ClInclude Include="FundLibs\vogl\ogl_svo.h">
      <Filter>vogl</Filter>
    </ClInclude>
    <ClInclude Include="FundLibs\vogl\ogl_var.h">
      <Filter>vogl</Filter>
    </ClInclude>
    <ClInclude Include="FundLibs\vogl\Shader.h">
      <Filter>vogl</Filter>
    </ClInclude>
    <ClInclude Include="FundLibs\vogl\shaders.hpp">
      <Filter>vogl</Filter>
    </ClInclude>
    <ClInclude Include="FundLibs\vogl\vogl.h">
      <Filter>vogl</Filter>
    </ClInclude>
    <ClInclude Include="FundLibs\vogl\vox_rend.h">
      <Filter>vogl</Filter>
    </ClInclude>
    <ClInclude Include="FundLibs\noise\Simplex.h">
      <Filter>noises</Filter>
    </ClInclude>
    <ClInclude Include="FundLibs\sh_win\keys.h">
      <Filter>floor</Filter>
    </ClInclude>
    <ClInclude Include="FundLibs\sh_win\win.h">
      <Filter>floor</Filter>
    </ClInclude>
  </ItemGroup>
  <ItemGroup>
    <Filter Include="floor">
      <UniqueIdentifier>{db91b8ed-09bb-4804-aea5-ec9e4a441681}</UniqueIdentifier>
    </Filter>
    <Filter Include="vogl">
      <UniqueIdentifier>{7717d868-51ea-44ce-93a3-6886329f9c7e}</UniqueIdentifier>
    </Filter>
    <Filter Include="noises">
      <UniqueIdentifier>{fde2be57-7eae-4e9c-ace9-a5ac0c1f4452}</UniqueIdentifier>
    </Filter>
  </ItemGroup>
  <ItemGroup>
    <None Include="FundLibs\vogl\shaders.inl">
      <Filter>vogl</Filter>
    </None>
  </ItemGroup>
</Project>